
Microsoft Visual Studio Solution File, Format Version 12.00
# Visual Studio Version 17
VisualStudioVersion = 17.5.2.0
MinimumVisualStudioVersion = 10.0.40219.1
Project("{FAE04EC0-301F-11D3-BF4B-00C04F79EFBC}") = "TPEmailAPI", "TPEmailAPI\TPEmailAPI.csproj", "{540B68DF-AC86-CD13-24E1-F43BAE2D6495}"
EndProject
Project("{FAE04EC0-301F-11D3-BF4B-00C04F79EFBC}") = "TPEmail.DataAccess", "TPEmail.DataAccess\TPEmail.DataAccess.csproj", "{13F91876-F3F8-F1C4-1F4A-150D5FAC54EF}"
EndProject
Project("{FAE04EC0-301F-11D3-BF4B-00C04F79EFBC}") = "TPEmail.Common", "TPEmail.Common\TPEmail.Common.csproj", "{B3796424-3D1B-3CC4-9EAD-0D5DEF16A2FD}"
EndProject
Project("{FAE04EC0-301F-11D3-BF4B-00C04F79EFBC}") = "TPEmail.BusinessModels", "TPEmail.BusinessModels\TPEmail.BusinessModels.csproj", "{527DB777-F3F9-4896-814E-AA7871A2C18E}"
EndProject
Global
	GlobalSection(SolutionConfigurationPlatforms) = preSolution
		Debug|Any CPU = Debug|Any CPU
		Debug|x64 = Debug|x64
		Debug|x86 = Debug|x86
		Release|Any CPU = Release|Any CPU
		Release|x64 = Release|x64
		Release|x86 = Release|x86
	EndGlobalSection
	GlobalSection(ProjectConfigurationPlatforms) = postSolution
		{540B68DF-AC86-CD13-24E1-F43BAE2D6495}.Debug|Any CPU.ActiveCfg = Debug|Any CPU
		{540B68DF-AC86-CD13-24E1-F43BAE2D6495}.Debug|Any CPU.Build.0 = Debug|Any CPU
		{540B68DF-AC86-CD13-24E1-F43BAE2D6495}.Debug|x64.ActiveCfg = Debug|Any CPU
		{540B68DF-AC86-CD13-24E1-F43BAE2D6495}.Debug|x64.Build.0 = Debug|Any CPU
		{540B68DF-AC86-CD13-24E1-F43BAE2D6495}.Debug|x86.ActiveCfg = Debug|Any CPU
		{540B68DF-AC86-CD13-24E1-F43BAE2D6495}.Debug|x86.Build.0 = Debug|Any CPU
		{540B68DF-AC86-CD13-24E1-F43BAE2D6495}.Release|Any CPU.ActiveCfg = Release|Any CPU
		{540B68DF-AC86-CD13-24E1-F43BAE2D6495}.Release|Any CPU.Build.0 = Release|Any CPU
		{540B68DF-AC86-CD13-24E1-F43BAE2D6495}.Release|x64.ActiveCfg = Release|Any CPU
		{540B68DF-AC86-CD13-24E1-F43BAE2D6495}.Release|x64.Build.0 = Release|Any CPU
		{540B68DF-AC86-CD13-24E1-F43BAE2D6495}.Release|x86.ActiveCfg = Release|Any CPU
		{540B68DF-AC86-CD13-24E1-F43BAE2D6495}.Release|x86.Build.0 = Release|Any CPU
		{13F91876-F3F8-F1C4-1F4A-150D5FAC54EF}.Debug|Any CPU.ActiveCfg = Debug|Any CPU
		{13F91876-F3F8-F1C4-1F4A-150D5FAC54EF}.Debug|Any CPU.Build.0 = Debug|Any CPU
		{13F91876-F3F8-F1C4-1F4A-150D5FAC54EF}.Debug|x64.ActiveCfg = Debug|Any CPU
		{13F91876-F3F8-F1C4-1F4A-150D5FAC54EF}.Debug|x64.Build.0 = Debug|Any CPU
		{13F91876-F3F8-F1C4-1F4A-150D5FAC54EF}.Debug|x86.ActiveCfg = Debug|Any CPU
		{13F91876-F3F8-F1C4-1F4A-150D5FAC54EF}.Debug|x86.Build.0 = Debug|Any CPU
		{13F91876-F3F8-F1C4-1F4A-150D5FAC54EF}.Release|Any CPU.ActiveCfg = Release|Any CPU
		{13F91876-F3F8-F1C4-1F4A-150D5FAC54EF}.Release|Any CPU.Build.0 = Release|Any CPU
		{13F91876-F3F8-F1C4-1F4A-150D5FAC54EF}.Release|x64.ActiveCfg = Release|Any CPU
		{13F91876-F3F8-F1C4-1F4A-150D5FAC54EF}.Release|x64.Build.0 = Release|Any CPU
		{13F91876-F3F8-F1C4-1F4A-150D5FAC54EF}.Release|x86.ActiveCfg = Release|Any CPU
		{13F91876-F3F8-F1C4-1F4A-150D5FAC54EF}.Release|x86.Build.0 = Release|Any CPU
		{B3796424-3D1B-3CC4-9EAD-0D5DEF16A2FD}.Debug|Any CPU.ActiveCfg = Debug|Any CPU
		{B3796424-3D1B-3CC4-9EAD-0D5DEF16A2FD}.Debug|Any CPU.Build.0 = Debug|Any CPU
		{B3796424-3D1B-3CC4-9EAD-0D5DEF16A2FD}.Debug|x64.ActiveCfg = Debug|Any CPU
		{B3796424-3D1B-3CC4-9EAD-0D5DEF16A2FD}.Debug|x64.Build.0 = Debug|Any CPU
		{B3796424-3D1B-3CC4-9EAD-0D5DEF16A2FD}.Debug|x86.ActiveCfg = Debug|Any CPU
		{B3796424-3D1B-3CC4-9EAD-0D5DEF16A2FD}.Debug|x86.Build.0 = Debug|Any CPU
		{B3796424-3D1B-3CC4-9EAD-0D5DEF16A2FD}.Release|Any CPU.ActiveCfg = Release|Any CPU
		{B3796424-3D1B-3CC4-9EAD-0D5DEF16A2FD}.Release|Any CPU.Build.0 = Release|Any CPU
		{B3796424-3D1B-3CC4-9EAD-0D5DEF16A2FD}.Release|x64.ActiveCfg = Release|Any CPU
		{B3796424-3D1B-3CC4-9EAD-0D5DEF16A2FD}.Release|x64.Build.0 = Release|Any CPU
		{B3796424-3D1B-3CC4-9EAD-0D5DEF16A2FD}.Release|x86.ActiveCfg = Release|Any CPU
		{B3796424-3D1B-3CC4-9EAD-0D5DEF16A2FD}.Release|x86.Build.0 = Release|Any CPU
		{527DB777-F3F9-4896-814E-AA7871A2C18E}.Debug|Any CPU.ActiveCfg = Debug|Any CPU
		{527DB777-F3F9-4896-814E-AA7871A2C18E}.Debug|Any CPU.Build.0 = Debug|Any CPU
		{527DB777-F3F9-4896-814E-AA7871A2C18E}.Debug|x64.ActiveCfg = Debug|Any CPU
		{527DB777-F3F9-4896-814E-AA7871A2C18E}.Debug|x64.Build.0 = Debug|Any CPU
		{527DB777-F3F9-4896-814E-AA7871A2C18E}.Debug|x86.ActiveCfg = Debug|Any CPU
		{527DB777-F3F9-4896-814E-AA7871A2C18E}.Debug|x86.Build.0 = Debug|Any CPU
		{527DB777-F3F9-4896-814E-AA7871A2C18E}.Release|Any CPU.ActiveCfg = Release|Any CPU
		{527DB777-F3F9-4896-814E-AA7871A2C18E}.Release|Any CPU.Build.0 = Release|Any CPU
		{527DB777-F3F9-4896-814E-AA7871A2C18E}.Release|x64.ActiveCfg = Release|Any CPU
		{527DB777-F3F9-4896-814E-AA7871A2C18E}.Release|x64.Build.0 = Release|Any CPU
		{527DB777-F3F9-4896-814E-AA7871A2C18E}.Release|x86.ActiveCfg = Release|Any CPU
		{527DB777-F3F9-4896-814E-AA7871A2C18E}.Release|x86.Build.0 = Release|Any CPU
	EndGlobalSection
	GlobalSection(SolutionProperties) = preSolution
		HideSolutionNode = FALSE
	EndGlobalSection
	GlobalSection(ExtensibilityGlobals) = postSolution
		SolutionGuid = {670FF291-8AA7-47C8-A548-29C45459E700}
	EndGlobalSection
EndGlobal
